// !$*UTF8*$!
{
	archiveVersion = 1;
	classes = {
	};
	objectVersion = 55;
	objects = {

/* Begin PBXBuildFile section */
		4A73A907274FB8E20027CA71 /* AppDelegate.swift in Sources */ = {isa = PBXBuildFile; fileRef = 4A73A906274FB8E20027CA71 /* AppDelegate.swift */; };
		4A73A909274FB8E20027CA71 /* SceneDelegate.swift in Sources */ = {isa = PBXBuildFile; fileRef = 4A73A908274FB8E20027CA71 /* SceneDelegate.swift */; };
		4A73A90B274FB8E20027CA71 /* ViewController.swift in Sources */ = {isa = PBXBuildFile; fileRef = 4A73A90A274FB8E20027CA71 /* ViewController.swift */; };
		4A73A90E274FB8E20027CA71 /* Main.storyboard in Resources */ = {isa = PBXBuildFile; fileRef = 4A73A90C274FB8E20027CA71 /* Main.storyboard */; };
		4A73A910274FB8E30027CA71 /* Assets.xcassets in Resources */ = {isa = PBXBuildFile; fileRef = 4A73A90F274FB8E30027CA71 /* Assets.xcassets */; };
		4A73A913274FB8E30027CA71 /* LaunchScreen.storyboard in Resources */ = {isa = PBXBuildFile; fileRef = 4A73A911274FB8E30027CA71 /* LaunchScreen.storyboard */; };
		4A73A958274FBBC40027CA71 /* ViewControllerInit.swift in Sources */ = {isa = PBXBuildFile; fileRef = 4A73A955274FBBC40027CA71 /* ViewControllerInit.swift */; };
		4A73A959274FBBC40027CA71 /* BaseRouter.swift in Sources */ = {isa = PBXBuildFile; fileRef = 4A73A956274FBBC40027CA71 /* BaseRouter.swift */; };
		4A73A95A274FBBC40027CA71 /* BaseViewController.swift in Sources */ = {isa = PBXBuildFile; fileRef = 4A73A957274FBBC40027CA71 /* BaseViewController.swift */; };
		4A73A95F274FBC9B0027CA71 /* LoginRouter.swift in Sources */ = {isa = PBXBuildFile; fileRef = 4A73A95B274FBC9B0027CA71 /* LoginRouter.swift */; };
		4A73A960274FBC9B0027CA71 /* LoginVM.swift in Sources */ = {isa = PBXBuildFile; fileRef = 4A73A95C274FBC9B0027CA71 /* LoginVM.swift */; };
		4A73A961274FBC9B0027CA71 /* LoginBuilder.swift in Sources */ = {isa = PBXBuildFile; fileRef = 4A73A95D274FBC9B0027CA71 /* LoginBuilder.swift */; };
		4A73A962274FBC9B0027CA71 /* LoginVC.swift in Sources */ = {isa = PBXBuildFile; fileRef = 4A73A95E274FBC9B0027CA71 /* LoginVC.swift */; };
		4A73A965274FBCAD0027CA71 /* RxCocoa in Frameworks */ = {isa = PBXBuildFile; productRef = 4A73A964274FBCAD0027CA71 /* RxCocoa */; };
		4A73A967274FBCAD0027CA71 /* RxSwift in Frameworks */ = {isa = PBXBuildFile; productRef = 4A73A966274FBCAD0027CA71 /* RxSwift */; };
		4A73A97B274FF5450027CA71 /* Test.swift in Sources */ = {isa = PBXBuildFile; fileRef = 4A73A97A274FF5450027CA71 /* Test.swift */; };
/* End PBXBuildFile section */

/* Begin PBXContainerItemProxy section */
		4A73A91A274FB8E30027CA71 /* PBXContainerItemProxy */ = {
			isa = PBXContainerItemProxy;
			containerPortal = 4A73A8FB274FB8E20027CA71 /* Project object */;
			proxyType = 1;
			remoteGlobalIDString = 4A73A902274FB8E20027CA71;
			remoteInfo = ExTestableMVVM;
		};
		4A73A924274FB8E30027CA71 /* PBXContainerItemProxy */ = {
			isa = PBXContainerItemProxy;
			containerPortal = 4A73A8FB274FB8E20027CA71 /* Project object */;
			proxyType = 1;
			remoteGlobalIDString = 4A73A902274FB8E20027CA71;
			remoteInfo = ExTestableMVVM;
		};
		4A73A972274FC4B70027CA71 /* PBXContainerItemProxy */ = {
			isa = PBXContainerItemProxy;
			containerPortal = 4A73A8FB274FB8E20027CA71 /* Project object */;
			proxyType = 1;
			remoteGlobalIDString = 4A73A902274FB8E20027CA71;
			remoteInfo = ExTestableMVVM;
		};
/* End PBXContainerItemProxy section */

/* Begin PBXFileReference section */
		4A73A903274FB8E20027CA71 /* ExTestableMVVM.app */ = {isa = PBXFileReference; explicitFileType = wrapper.application; includeInIndex = 0; path = ExTestableMVVM.app; sourceTree = BUILT_PRODUCTS_DIR; };
		4A73A906274FB8E20027CA71 /* AppDelegate.swift */ = {isa = PBXFileReference; lastKnownFileType = sourcecode.swift; path = AppDelegate.swift; sourceTree = "<group>"; };
		4A73A908274FB8E20027CA71 /* SceneDelegate.swift */ = {isa = PBXFileReference; lastKnownFileType = sourcecode.swift; path = SceneDelegate.swift; sourceTree = "<group>"; };
		4A73A90A274FB8E20027CA71 /* ViewController.swift */ = {isa = PBXFileReference; lastKnownFileType = sourcecode.swift; path = ViewController.swift; sourceTree = "<group>"; };
		4A73A90D274FB8E20027CA71 /* Base */ = {isa = PBXFileReference; lastKnownFileType = file.storyboard; name = Base; path = Base.lproj/Main.storyboard; sourceTree = "<group>"; };
		4A73A90F274FB8E30027CA71 /* Assets.xcassets */ = {isa = PBXFileReference; lastKnownFileType = folder.assetcatalog; path = Assets.xcassets; sourceTree = "<group>"; };
		4A73A912274FB8E30027CA71 /* Base */ = {isa = PBXFileReference; lastKnownFileType = file.storyboard; name = Base; path = Base.lproj/LaunchScreen.storyboard; sourceTree = "<group>"; };
		4A73A914274FB8E30027CA71 /* Info.plist */ = {isa = PBXFileReference; lastKnownFileType = text.plist.xml; path = Info.plist; sourceTree = "<group>"; };
		4A73A919274FB8E30027CA71 /* ExTestableMVVMTests.xctest */ = {isa = PBXFileReference; explicitFileType = wrapper.cfbundle; includeInIndex = 0; path = ExTestableMVVMTests.xctest; sourceTree = BUILT_PRODUCTS_DIR; };
		4A73A923274FB8E30027CA71 /* ExTestableMVVMUITests.xctest */ = {isa = PBXFileReference; explicitFileType = wrapper.cfbundle; includeInIndex = 0; path = ExTestableMVVMUITests.xctest; sourceTree = BUILT_PRODUCTS_DIR; };
		4A73A955274FBBC40027CA71 /* ViewControllerInit.swift */ = {isa = PBXFileReference; fileEncoding = 4; lastKnownFileType = sourcecode.swift; path = ViewControllerInit.swift; sourceTree = "<group>"; };
		4A73A956274FBBC40027CA71 /* BaseRouter.swift */ = {isa = PBXFileReference; fileEncoding = 4; lastKnownFileType = sourcecode.swift; path = BaseRouter.swift; sourceTree = "<group>"; };
		4A73A957274FBBC40027CA71 /* BaseViewController.swift */ = {isa = PBXFileReference; fileEncoding = 4; lastKnownFileType = sourcecode.swift; path = BaseViewController.swift; sourceTree = "<group>"; };
		4A73A95B274FBC9B0027CA71 /* LoginRouter.swift */ = {isa = PBXFileReference; lastKnownFileType = sourcecode.swift; path = LoginRouter.swift; sourceTree = "<group>"; };
		4A73A95C274FBC9B0027CA71 /* LoginVM.swift */ = {isa = PBXFileReference; lastKnownFileType = sourcecode.swift; path = LoginVM.swift; sourceTree = "<group>"; };
		4A73A95D274FBC9B0027CA71 /* LoginBuilder.swift */ = {isa = PBXFileReference; lastKnownFileType = sourcecode.swift; path = LoginBuilder.swift; sourceTree = "<group>"; };
		4A73A95E274FBC9B0027CA71 /* LoginVC.swift */ = {isa = PBXFileReference; lastKnownFileType = sourcecode.swift; path = LoginVC.swift; sourceTree = "<group>"; };
		4A73A96E274FC4B70027CA71 /* Testcode.xctest */ = {isa = PBXFileReference; explicitFileType = wrapper.cfbundle; includeInIndex = 0; path = Testcode.xctest; sourceTree = BUILT_PRODUCTS_DIR; };
		4A73A97A274FF5450027CA71 /* Test.swift */ = {isa = PBXFileReference; lastKnownFileType = sourcecode.swift; path = Test.swift; sourceTree = "<group>"; };
/* End PBXFileReference section */

/* Begin PBXFrameworksBuildPhase section */
		4A73A900274FB8E20027CA71 /* Frameworks */ = {
			isa = PBXFrameworksBuildPhase;
			buildActionMask = 2147483647;
			files = (
				4A73A967274FBCAD0027CA71 /* RxSwift in Frameworks */,
				4A73A965274FBCAD0027CA71 /* RxCocoa in Frameworks */,
			);
			runOnlyForDeploymentPostprocessing = 0;
		};
		4A73A916274FB8E30027CA71 /* Frameworks */ = {
			isa = PBXFrameworksBuildPhase;
			buildActionMask = 2147483647;
			files = (
			);
			runOnlyForDeploymentPostprocessing = 0;
		};
		4A73A920274FB8E30027CA71 /* Frameworks */ = {
			isa = PBXFrameworksBuildPhase;
			buildActionMask = 2147483647;
			files = (
			);
			runOnlyForDeploymentPostprocessing = 0;
		};
		4A73A96B274FC4B70027CA71 /* Frameworks */ = {
			isa = PBXFrameworksBuildPhase;
			buildActionMask = 2147483647;
			files = (
			);
			runOnlyForDeploymentPostprocessing = 0;
		};
/* End PBXFrameworksBuildPhase section */

/* Begin PBXGroup section */
		4A73A8FA274FB8E20027CA71 = {
			isa = PBXGroup;
			children = (
				4A73A97A274FF5450027CA71 /* Test.swift */,
				4A73A905274FB8E20027CA71 /* ExTestableMVVM */,
				4A73A904274FB8E20027CA71 /* Products */,
			);
			sourceTree = "<group>";
		};
		4A73A904274FB8E20027CA71 /* Products */ = {
			isa = PBXGroup;
			children = (
				4A73A903274FB8E20027CA71 /* ExTestableMVVM.app */,
				4A73A919274FB8E30027CA71 /* ExTestableMVVMTests.xctest */,
				4A73A923274FB8E30027CA71 /* ExTestableMVVMUITests.xctest */,
				4A73A96E274FC4B70027CA71 /* Testcode.xctest */,
			);
			name = Products;
			sourceTree = "<group>";
		};
		4A73A905274FB8E20027CA71 /* ExTestableMVVM */ = {
			isa = PBXGroup;
			children = (
				4A73A93A274FB90B0027CA71 /* Scene */,
				4A73A939274FB9090027CA71 /* Base */,
				4A73A936274FB9040027CA71 /* App */,
				4A73A90A274FB8E20027CA71 /* ViewController.swift */,
				4A73A90C274FB8E20027CA71 /* Main.storyboard */,
				4A73A90F274FB8E30027CA71 /* Assets.xcassets */,
				4A73A911274FB8E30027CA71 /* LaunchScreen.storyboard */,
				4A73A914274FB8E30027CA71 /* Info.plist */,
			);
			path = ExTestableMVVM;
			sourceTree = "<group>";
		};
		4A73A936274FB9040027CA71 /* App */ = {
			isa = PBXGroup;
			children = (
				4A73A906274FB8E20027CA71 /* AppDelegate.swift */,
				4A73A908274FB8E20027CA71 /* SceneDelegate.swift */,
			);
			path = App;
			sourceTree = "<group>";
		};
		4A73A939274FB9090027CA71 /* Base */ = {
			isa = PBXGroup;
			children = (
				4A73A956274FBBC40027CA71 /* BaseRouter.swift */,
				4A73A957274FBBC40027CA71 /* BaseViewController.swift */,
				4A73A955274FBBC40027CA71 /* ViewControllerInit.swift */,
			);
			path = Base;
			sourceTree = "<group>";
		};
		4A73A93A274FB90B0027CA71 /* Scene */ = {
			isa = PBXGroup;
			children = (
				4A73A93B274FB9290027CA71 /* Login */,
			);
			path = Scene;
			sourceTree = "<group>";
		};
		4A73A93B274FB9290027CA71 /* Login */ = {
			isa = PBXGroup;
			children = (
				4A73A95B274FBC9B0027CA71 /* LoginRouter.swift */,
				4A73A95C274FBC9B0027CA71 /* LoginVM.swift */,
				4A73A95D274FBC9B0027CA71 /* LoginBuilder.swift */,
				4A73A95E274FBC9B0027CA71 /* LoginVC.swift */,
			);
			path = Login;
			sourceTree = "<group>";
		};
/* End PBXGroup section */

/* Begin PBXNativeTarget section */
		4A73A902274FB8E20027CA71 /* ExTestableMVVM */ = {
			isa = PBXNativeTarget;
			buildConfigurationList = 4A73A92D274FB8E30027CA71 /* Build configuration list for PBXNativeTarget "ExTestableMVVM" */;
			buildPhases = (
				4A73A8FF274FB8E20027CA71 /* Sources */,
				4A73A900274FB8E20027CA71 /* Frameworks */,
				4A73A901274FB8E20027CA71 /* Resources */,
			);
			buildRules = (
			);
			dependencies = (
			);
			name = ExTestableMVVM;
			packageProductDependencies = (
				4A73A964274FBCAD0027CA71 /* RxCocoa */,
				4A73A966274FBCAD0027CA71 /* RxSwift */,
			);
			productName = ExTestableMVVM;
			productReference = 4A73A903274FB8E20027CA71 /* ExTestableMVVM.app */;
			productType = "com.apple.product-type.application";
		};
		4A73A918274FB8E30027CA71 /* ExTestableMVVMTests */ = {
			isa = PBXNativeTarget;
			buildConfigurationList = 4A73A930274FB8E30027CA71 /* Build configuration list for PBXNativeTarget "ExTestableMVVMTests" */;
			buildPhases = (
				4A73A915274FB8E30027CA71 /* Sources */,
				4A73A916274FB8E30027CA71 /* Frameworks */,
				4A73A917274FB8E30027CA71 /* Resources */,
			);
			buildRules = (
			);
			dependencies = (
				4A73A91B274FB8E30027CA71 /* PBXTargetDependency */,
			);
			name = ExTestableMVVMTests;
			productName = ExTestableMVVMTests;
			productReference = 4A73A919274FB8E30027CA71 /* ExTestableMVVMTests.xctest */;
			productType = "com.apple.product-type.bundle.unit-test";
		};
		4A73A922274FB8E30027CA71 /* ExTestableMVVMUITests */ = {
			isa = PBXNativeTarget;
			buildConfigurationList = 4A73A933274FB8E30027CA71 /* Build configuration list for PBXNativeTarget "ExTestableMVVMUITests" */;
			buildPhases = (
				4A73A91F274FB8E30027CA71 /* Sources */,
				4A73A920274FB8E30027CA71 /* Frameworks */,
				4A73A921274FB8E30027CA71 /* Resources */,
			);
			buildRules = (
			);
			dependencies = (
				4A73A925274FB8E30027CA71 /* PBXTargetDependency */,
			);
			name = ExTestableMVVMUITests;
			productName = ExTestableMVVMUITests;
			productReference = 4A73A923274FB8E30027CA71 /* ExTestableMVVMUITests.xctest */;
			productType = "com.apple.product-type.bundle.ui-testing";
		};
		4A73A96D274FC4B70027CA71 /* Testcode */ = {
			isa = PBXNativeTarget;
			buildConfigurationList = 4A73A976274FC4B70027CA71 /* Build configuration list for PBXNativeTarget "Testcode" */;
			buildPhases = (
				4A73A96A274FC4B70027CA71 /* Sources */,
				4A73A96B274FC4B70027CA71 /* Frameworks */,
				4A73A96C274FC4B70027CA71 /* Resources */,
			);
			buildRules = (
			);
			dependencies = (
				4A73A973274FC4B70027CA71 /* PBXTargetDependency */,
			);
			name = Testcode;
			productName = Testcode;
			productReference = 4A73A96E274FC4B70027CA71 /* Testcode.xctest */;
			productType = "com.apple.product-type.bundle.unit-test";
		};
/* End PBXNativeTarget section */

/* Begin PBXProject section */
		4A73A8FB274FB8E20027CA71 /* Project object */ = {
			isa = PBXProject;
			attributes = {
				BuildIndependentTargetsInParallel = 1;
				LastSwiftUpdateCheck = 1310;
				LastUpgradeCheck = 1310;
				TargetAttributes = {
					4A73A902274FB8E20027CA71 = {
						CreatedOnToolsVersion = 13.1;
					};
					4A73A918274FB8E30027CA71 = {
						CreatedOnToolsVersion = 13.1;
						LastSwiftMigration = 1310;
						TestTargetID = 4A73A902274FB8E20027CA71;
					};
					4A73A922274FB8E30027CA71 = {
						CreatedOnToolsVersion = 13.1;
						TestTargetID = 4A73A902274FB8E20027CA71;
					};
					4A73A96D274FC4B70027CA71 = {
						CreatedOnToolsVersion = 13.1;
						LastSwiftMigration = 1310;
						TestTargetID = 4A73A902274FB8E20027CA71;
					};
				};
			};
			buildConfigurationList = 4A73A8FE274FB8E20027CA71 /* Build configuration list for PBXProject "ExTestableMVVM" */;
			compatibilityVersion = "Xcode 13.0";
			developmentRegion = en;
			hasScannedForEncodings = 0;
			knownRegions = (
				en,
				Base,
			);
			mainGroup = 4A73A8FA274FB8E20027CA71;
			packageReferences = (
				4A73A963274FBCAD0027CA71 /* XCRemoteSwiftPackageReference "RxSwift" */,
			);
			productRefGroup = 4A73A904274FB8E20027CA71 /* Products */;
			projectDirPath = "";
			projectRoot = "";
			targets = (
				4A73A902274FB8E20027CA71 /* ExTestableMVVM */,
				4A73A918274FB8E30027CA71 /* ExTestableMVVMTests */,
				4A73A922274FB8E30027CA71 /* ExTestableMVVMUITests */,
				4A73A96D274FC4B70027CA71 /* Testcode */,
			);
		};
/* End PBXProject section */

/* Begin PBXResourcesBuildPhase section */
		4A73A901274FB8E20027CA71 /* Resources */ = {
			isa = PBXResourcesBuildPhase;
			buildActionMask = 2147483647;
			files = (
				4A73A913274FB8E30027CA71 /* LaunchScreen.storyboard in Resources */,
				4A73A910274FB8E30027CA71 /* Assets.xcassets in Resources */,
				4A73A90E274FB8E20027CA71 /* Main.storyboard in Resources */,
			);
			runOnlyForDeploymentPostprocessing = 0;
		};
		4A73A917274FB8E30027CA71 /* Resources */ = {
			isa = PBXResourcesBuildPhase;
			buildActionMask = 2147483647;
			files = (
			);
			runOnlyForDeploymentPostprocessing = 0;
		};
		4A73A921274FB8E30027CA71 /* Resources */ = {
			isa = PBXResourcesBuildPhase;
			buildActionMask = 2147483647;
			files = (
			);
			runOnlyForDeploymentPostprocessing = 0;
		};
		4A73A96C274FC4B70027CA71 /* Resources */ = {
			isa = PBXResourcesBuildPhase;
			buildActionMask = 2147483647;
			files = (
			);
			runOnlyForDeploymentPostprocessing = 0;
		};
/* End PBXResourcesBuildPhase section */

/* Begin PBXSourcesBuildPhase section */
		4A73A8FF274FB8E20027CA71 /* Sources */ = {
			isa = PBXSourcesBuildPhase;
			buildActionMask = 2147483647;
			files = (
				4A73A90B274FB8E20027CA71 /* ViewController.swift in Sources */,
				4A73A959274FBBC40027CA71 /* BaseRouter.swift in Sources */,
				4A73A907274FB8E20027CA71 /* AppDelegate.swift in Sources */,
				4A73A95A274FBBC40027CA71 /* BaseViewController.swift in Sources */,
				4A73A962274FBC9B0027CA71 /* LoginVC.swift in Sources */,
				4A73A960274FBC9B0027CA71 /* LoginVM.swift in Sources */,
				4A73A909274FB8E20027CA71 /* SceneDelegate.swift in Sources */,
				4A73A961274FBC9B0027CA71 /* LoginBuilder.swift in Sources */,
				4A73A95F274FBC9B0027CA71 /* LoginRouter.swift in Sources */,
				4A73A958274FBBC40027CA71 /* ViewControllerInit.swift in Sources */,
			);
			runOnlyForDeploymentPostprocessing = 0;
		};
		4A73A915274FB8E30027CA71 /* Sources */ = {
			isa = PBXSourcesBuildPhase;
			buildActionMask = 2147483647;
			files = (
				4A73A97B274FF5450027CA71 /* Test.swift in Sources */,
			);
			runOnlyForDeploymentPostprocessing = 0;
		};
		4A73A91F274FB8E30027CA71 /* Sources */ = {
			isa = PBXSourcesBuildPhase;
			buildActionMask = 2147483647;
			files = (
			);
			runOnlyForDeploymentPostprocessing = 0;
		};
		4A73A96A274FC4B70027CA71 /* Sources */ = {
			isa = PBXSourcesBuildPhase;
			buildActionMask = 2147483647;
			files = (
			);
			runOnlyForDeploymentPostprocessing = 0;
		};
/* End PBXSourcesBuildPhase section */

/* Begin PBXTargetDependency section */
		4A73A91B274FB8E30027CA71 /* PBXTargetDependency */ = {
			isa = PBXTargetDependency;
			target = 4A73A902274FB8E20027CA71 /* ExTestableMVVM */;
			targetProxy = 4A73A91A274FB8E30027CA71 /* PBXContainerItemProxy */;
		};
		4A73A925274FB8E30027CA71 /* PBXTargetDependency */ = {
			isa = PBXTargetDependency;
			target = 4A73A902274FB8E20027CA71 /* ExTestableMVVM */;
			targetProxy = 4A73A924274FB8E30027CA71 /* PBXContainerItemProxy */;
		};
		4A73A973274FC4B70027CA71 /* PBXTargetDependency */ = {
			isa = PBXTargetDependency;
			target = 4A73A902274FB8E20027CA71 /* ExTestableMVVM */;
			targetProxy = 4A73A972274FC4B70027CA71 /* PBXContainerItemProxy */;
		};
/* End PBXTargetDependency section */

/* Begin PBXVariantGroup section */
		4A73A90C274FB8E20027CA71 /* Main.storyboard */ = {
			isa = PBXVariantGroup;
			children = (
				4A73A90D274FB8E20027CA71 /* Base */,
			);
			name = Main.storyboard;
			sourceTree = "<group>";
		};
		4A73A911274FB8E30027CA71 /* LaunchScreen.storyboard */ = {
			isa = PBXVariantGroup;
			children = (
				4A73A912274FB8E30027CA71 /* Base */,
			);
			name = LaunchScreen.storyboard;
			sourceTree = "<group>";
		};
/* End PBXVariantGroup section */

/* Begin XCBuildConfiguration section */
		4A73A92B274FB8E30027CA71 /* Debug */ = {
			isa = XCBuildConfiguration;
			buildSettings = {
				ALWAYS_SEARCH_USER_PATHS = NO;
				CLANG_ANALYZER_NONNULL = YES;
				CLANG_ANALYZER_NUMBER_OBJECT_CONVERSION = YES_AGGRESSIVE;
				CLANG_CXX_LANGUAGE_STANDARD = "gnu++17";
				CLANG_CXX_LIBRARY = "libc++";
				CLANG_ENABLE_MODULES = YES;
				CLANG_ENABLE_OBJC_ARC = YES;
				CLANG_ENABLE_OBJC_WEAK = YES;
				CLANG_WARN_BLOCK_CAPTURE_AUTORELEASING = YES;
				CLANG_WARN_BOOL_CONVERSION = YES;
				CLANG_WARN_COMMA = YES;
				CLANG_WARN_CONSTANT_CONVERSION = YES;
				CLANG_WARN_DEPRECATED_OBJC_IMPLEMENTATIONS = YES;
				CLANG_WARN_DIRECT_OBJC_ISA_USAGE = YES_ERROR;
				CLANG_WARN_DOCUMENTATION_COMMENTS = YES;
				CLANG_WARN_EMPTY_BODY = YES;
				CLANG_WARN_ENUM_CONVERSION = YES;
				CLANG_WARN_INFINITE_RECURSION = YES;
				CLANG_WARN_INT_CONVERSION = YES;
				CLANG_WARN_NON_LITERAL_NULL_CONVERSION = YES;
				CLANG_WARN_OBJC_IMPLICIT_RETAIN_SELF = YES;
				CLANG_WARN_OBJC_LITERAL_CONVERSION = YES;
				CLANG_WARN_OBJC_ROOT_CLASS = YES_ERROR;
				CLANG_WARN_QUOTED_INCLUDE_IN_FRAMEWORK_HEADER = YES;
				CLANG_WARN_RANGE_LOOP_ANALYSIS = YES;
				CLANG_WARN_STRICT_PROTOTYPES = YES;
				CLANG_WARN_SUSPICIOUS_MOVE = YES;
				CLANG_WARN_UNGUARDED_AVAILABILITY = YES_AGGRESSIVE;
				CLANG_WARN_UNREACHABLE_CODE = YES;
				CLANG_WARN__DUPLICATE_METHOD_MATCH = YES;
				COPY_PHASE_STRIP = NO;
				DEBUG_INFORMATION_FORMAT = dwarf;
				ENABLE_STRICT_OBJC_MSGSEND = YES;
				ENABLE_TESTABILITY = YES;
				GCC_C_LANGUAGE_STANDARD = gnu11;
				GCC_DYNAMIC_NO_PIC = NO;
				GCC_NO_COMMON_BLOCKS = YES;
				GCC_OPTIMIZATION_LEVEL = 0;
				GCC_PREPROCESSOR_DEFINITIONS = (
					"DEBUG=1",
					"$(inherited)",
				);
				GCC_WARN_64_TO_32_BIT_CONVERSION = YES;
				GCC_WARN_ABOUT_RETURN_TYPE = YES_ERROR;
				GCC_WARN_UNDECLARED_SELECTOR = YES;
				GCC_WARN_UNINITIALIZED_AUTOS = YES_AGGRESSIVE;
				GCC_WARN_UNUSED_FUNCTION = YES;
				GCC_WARN_UNUSED_VARIABLE = YES;
				IPHONEOS_DEPLOYMENT_TARGET = 15.0;
				MTL_ENABLE_DEBUG_INFO = INCLUDE_SOURCE;
				MTL_FAST_MATH = YES;
				ONLY_ACTIVE_ARCH = YES;
				SDKROOT = iphoneos;
				SWIFT_ACTIVE_COMPILATION_CONDITIONS = DEBUG;
				SWIFT_OPTIMIZATION_LEVEL = "-Onone";
			};
			name = Debug;
		};
		4A73A92C274FB8E30027CA71 /* Release */ = {
			isa = XCBuildConfiguration;
			buildSettings = {
				ALWAYS_SEARCH_USER_PATHS = NO;
				CLANG_ANALYZER_NONNULL = YES;
				CLANG_ANALYZER_NUMBER_OBJECT_CONVERSION = YES_AGGRESSIVE;
				CLANG_CXX_LANGUAGE_STANDARD = "gnu++17";
				CLANG_CXX_LIBRARY = "libc++";
				CLANG_ENABLE_MODULES = YES;
				CLANG_ENABLE_OBJC_ARC = YES;
				CLANG_ENABLE_OBJC_WEAK = YES;
				CLANG_WARN_BLOCK_CAPTURE_AUTORELEASING = YES;
				CLANG_WARN_BOOL_CONVERSION = YES;
				CLANG_WARN_COMMA = YES;
				CLANG_WARN_CONSTANT_CONVERSION = YES;
				CLANG_WARN_DEPRECATED_OBJC_IMPLEMENTATIONS = YES;
				CLANG_WARN_DIRECT_OBJC_ISA_USAGE = YES_ERROR;
				CLANG_WARN_DOCUMENTATION_COMMENTS = YES;
				CLANG_WARN_EMPTY_BODY = YES;
				CLANG_WARN_ENUM_CONVERSION = YES;
				CLANG_WARN_INFINITE_RECURSION = YES;
				CLANG_WARN_INT_CONVERSION = YES;
				CLANG_WARN_NON_LITERAL_NULL_CONVERSION = YES;
				CLANG_WARN_OBJC_IMPLICIT_RETAIN_SELF = YES;
				CLANG_WARN_OBJC_LITERAL_CONVERSION = YES;
				CLANG_WARN_OBJC_ROOT_CLASS = YES_ERROR;
				CLANG_WARN_QUOTED_INCLUDE_IN_FRAMEWORK_HEADER = YES;
				CLANG_WARN_RANGE_LOOP_ANALYSIS = YES;
				CLANG_WARN_STRICT_PROTOTYPES = YES;
				CLANG_WARN_SUSPICIOUS_MOVE = YES;
				CLANG_WARN_UNGUARDED_AVAILABILITY = YES_AGGRESSIVE;
				CLANG_WARN_UNREACHABLE_CODE = YES;
				CLANG_WARN__DUPLICATE_METHOD_MATCH = YES;
				COPY_PHASE_STRIP = NO;
				DEBUG_INFORMATION_FORMAT = "dwarf-with-dsym";
				ENABLE_NS_ASSERTIONS = NO;
				ENABLE_STRICT_OBJC_MSGSEND = YES;
				GCC_C_LANGUAGE_STANDARD = gnu11;
				GCC_NO_COMMON_BLOCKS = YES;
				GCC_WARN_64_TO_32_BIT_CONVERSION = YES;
				GCC_WARN_ABOUT_RETURN_TYPE = YES_ERROR;
				GCC_WARN_UNDECLARED_SELECTOR = YES;
				GCC_WARN_UNINITIALIZED_AUTOS = YES_AGGRESSIVE;
				GCC_WARN_UNUSED_FUNCTION = YES;
				GCC_WARN_UNUSED_VARIABLE = YES;
				IPHONEOS_DEPLOYMENT_TARGET = 15.0;
				MTL_ENABLE_DEBUG_INFO = NO;
				MTL_FAST_MATH = YES;
				SDKROOT = iphoneos;
				SWIFT_COMPILATION_MODE = wholemodule;
				SWIFT_OPTIMIZATION_LEVEL = "-O";
				VALIDATE_PRODUCT = YES;
			};
			name = Release;
		};
		4A73A92E274FB8E30027CA71 /* Debug */ = {
			isa = XCBuildConfiguration;
			buildSettings = {
				ASSETCATALOG_COMPILER_APPICON_NAME = AppIcon;
				ASSETCATALOG_COMPILER_GLOBAL_ACCENT_COLOR_NAME = AccentColor;
				CODE_SIGN_STYLE = Automatic;
				CURRENT_PROJECT_VERSION = 1;
				DEVELOPMENT_TEAM = SS7U83UJNK;
				GENERATE_INFOPLIST_FILE = YES;
				INFOPLIST_FILE = ExTestableMVVM/Info.plist;
				INFOPLIST_KEY_UIApplicationSupportsIndirectInputEvents = YES;
				INFOPLIST_KEY_UILaunchStoryboardName = LaunchScreen;
				INFOPLIST_KEY_UIMainStoryboardFile = Main;
				INFOPLIST_KEY_UISupportedInterfaceOrientations_iPad = "UIInterfaceOrientationPortrait UIInterfaceOrientationPortraitUpsideDown UIInterfaceOrientationLandscapeLeft UIInterfaceOrientationLandscapeRight";
				INFOPLIST_KEY_UISupportedInterfaceOrientations_iPhone = "UIInterfaceOrientationPortrait UIInterfaceOrientationLandscapeLeft UIInterfaceOrientationLandscapeRight";
				LD_RUNPATH_SEARCH_PATHS = (
					"$(inherited)",
					"@executable_path/Frameworks",
				);
				MARKETING_VERSION = 1.0;
				PRODUCT_BUNDLE_IDENTIFIER = com.jake.ExTestableMVVM;
				PRODUCT_NAME = "$(TARGET_NAME)";
				SWIFT_EMIT_LOC_STRINGS = YES;
				SWIFT_VERSION = 5.0;
				TARGETED_DEVICE_FAMILY = "1,2";
			};
			name = Debug;
		};
		4A73A92F274FB8E30027CA71 /* Release */ = {
			isa = XCBuildConfiguration;
			buildSettings = {
				ASSETCATALOG_COMPILER_APPICON_NAME = AppIcon;
				ASSETCATALOG_COMPILER_GLOBAL_ACCENT_COLOR_NAME = AccentColor;
				CODE_SIGN_STYLE = Automatic;
				CURRENT_PROJECT_VERSION = 1;
				DEVELOPMENT_TEAM = SS7U83UJNK;
				GENERATE_INFOPLIST_FILE = YES;
				INFOPLIST_FILE = ExTestableMVVM/Info.plist;
				INFOPLIST_KEY_UIApplicationSupportsIndirectInputEvents = YES;
				INFOPLIST_KEY_UILaunchStoryboardName = LaunchScreen;
				INFOPLIST_KEY_UIMainStoryboardFile = Main;
				INFOPLIST_KEY_UISupportedInterfaceOrientations_iPad = "UIInterfaceOrientationPortrait UIInterfaceOrientationPortraitUpsideDown UIInterfaceOrientationLandscapeLeft UIInterfaceOrientationLandscapeRight";
				INFOPLIST_KEY_UISupportedInterfaceOrientations_iPhone = "UIInterfaceOrientationPortrait UIInterfaceOrientationLandscapeLeft UIInterfaceOrientationLandscapeRight";
				LD_RUNPATH_SEARCH_PATHS = (
					"$(inherited)",
					"@executable_path/Frameworks",
				);
				MARKETING_VERSION = 1.0;
				PRODUCT_BUNDLE_IDENTIFIER = com.jake.ExTestableMVVM;
				PRODUCT_NAME = "$(TARGET_NAME)";
				SWIFT_EMIT_LOC_STRINGS = YES;
				SWIFT_VERSION = 5.0;
				TARGETED_DEVICE_FAMILY = "1,2";
			};
			name = Release;
		};
		4A73A931274FB8E30027CA71 /* Debug */ = {
			isa = XCBuildConfiguration;
			buildSettings = {
				ALWAYS_EMBED_SWIFT_STANDARD_LIBRARIES = YES;
				BUNDLE_LOADER = "$(TEST_HOST)";
				CLANG_ENABLE_MODULES = YES;
				CODE_SIGN_STYLE = Automatic;
				CURRENT_PROJECT_VERSION = 1;
				DEVELOPMENT_TEAM = SS7U83UJNK;
				GENERATE_INFOPLIST_FILE = YES;
				IPHONEOS_DEPLOYMENT_TARGET = 15.0;
				LD_RUNPATH_SEARCH_PATHS = (
					"$(inherited)",
					"@executable_path/Frameworks",
					"@loader_path/Frameworks",
				);
				MARKETING_VERSION = 1.0;
				PRODUCT_BUNDLE_IDENTIFIER = com.jake.ExTestableMVVMTests;
				PRODUCT_NAME = "$(TARGET_NAME)";
				SWIFT_EMIT_LOC_STRINGS = NO;
				SWIFT_OPTIMIZATION_LEVEL = "-Onone";
				SWIFT_VERSION = 5.0;
				TARGETED_DEVICE_FAMILY = "1,2";
				TEST_HOST = "$(BUILT_PRODUCTS_DIR)/ExTestableMVVM.app/ExTestableMVVM";
			};
			name = Debug;
		};
		4A73A932274FB8E30027CA71 /* Release */ = {
			isa = XCBuildConfiguration;
			buildSettings = {
				ALWAYS_EMBED_SWIFT_STANDARD_LIBRARIES = YES;
				BUNDLE_LOADER = "$(TEST_HOST)";
				CLANG_ENABLE_MODULES = YES;
				CODE_SIGN_STYLE = Automatic;
				CURRENT_PROJECT_VERSION = 1;
				DEVELOPMENT_TEAM = SS7U83UJNK;
				GENERATE_INFOPLIST_FILE = YES;
				IPHONEOS_DEPLOYMENT_TARGET = 15.0;
				LD_RUNPATH_SEARCH_PATHS = (
					"$(inherited)",
					"@executable_path/Frameworks",
					"@loader_path/Frameworks",
				);
				MARKETING_VERSION = 1.0;
				PRODUCT_BUNDLE_IDENTIFIER = com.jake.ExTestableMVVMTests;
				PRODUCT_NAME = "$(TARGET_NAME)";
				SWIFT_EMIT_LOC_STRINGS = NO;
				SWIFT_VERSION = 5.0;
				TARGETED_DEVICE_FAMILY = "1,2";
				TEST_HOST = "$(BUILT_PRODUCTS_DIR)/ExTestableMVVM.app/ExTestableMVVM";
			};
			name = Release;
		};
		4A73A934274FB8E30027CA71 /* Debug */ = {
			isa = XCBuildConfiguration;
			buildSettings = {
				ALWAYS_EMBED_SWIFT_STANDARD_LIBRARIES = YES;
				CODE_SIGN_STYLE = Automatic;
				CURRENT_PROJECT_VERSION = 1;
				DEVELOPMENT_TEAM = SS7U83UJNK;
				GENERATE_INFOPLIST_FILE = YES;
				LD_RUNPATH_SEARCH_PATHS = (
					"$(inherited)",
					"@executable_path/Frameworks",
					"@loader_path/Frameworks",
				);
				MARKETING_VERSION = 1.0;
				PRODUCT_BUNDLE_IDENTIFIER = com.jake.ExTestableMVVMUITests;
				PRODUCT_NAME = "$(TARGET_NAME)";
				SWIFT_EMIT_LOC_STRINGS = NO;
				SWIFT_VERSION = 5.0;
				TARGETED_DEVICE_FAMILY = "1,2";
				TEST_TARGET_NAME = ExTestableMVVM;
			};
			name = Debug;
		};
		4A73A935274FB8E30027CA71 /* Release */ = {
			isa = XCBuildConfiguration;
			buildSettings = {
				ALWAYS_EMBED_SWIFT_STANDARD_LIBRARIES = YES;
				CODE_SIGN_STYLE = Automatic;
				CURRENT_PROJECT_VERSION = 1;
				DEVELOPMENT_TEAM = SS7U83UJNK;
				GENERATE_INFOPLIST_FILE = YES;
				LD_RUNPATH_SEARCH_PATHS = (
					"$(inherited)",
					"@executable_path/Frameworks",
					"@loader_path/Frameworks",
				);
				MARKETING_VERSION = 1.0;
				PRODUCT_BUNDLE_IDENTIFIER = com.jake.ExTestableMVVMUITests;
				PRODUCT_NAME = "$(TARGET_NAME)";
				SWIFT_EMIT_LOC_STRINGS = NO;
				SWIFT_VERSION = 5.0;
				TARGETED_DEVICE_FAMILY = "1,2";
				TEST_TARGET_NAME = ExTestableMVVM;
			};
			name = Release;
		};
		4A73A974274FC4B70027CA71 /* Debug */ = {
			isa = XCBuildConfiguration;
			buildSettings = {
				BUNDLE_LOADER = "$(TEST_HOST)";
				CLANG_ENABLE_MODULES = YES;
				CODE_SIGN_STYLE = Automatic;
				CURRENT_PROJECT_VERSION = 1;
				DEVELOPMENT_TEAM = SS7U83UJNK;
				GENERATE_INFOPLIST_FILE = YES;
				LD_RUNPATH_SEARCH_PATHS = (
					"$(inherited)",
					"@executable_path/Frameworks",
					"@loader_path/Frameworks",
				);
				MARKETING_VERSION = 1.0;
				PRODUCT_BUNDLE_IDENTIFIER = com.jake.Testcode;
				PRODUCT_NAME = "$(TARGET_NAME)";
				SWIFT_EMIT_LOC_STRINGS = NO;
				SWIFT_OBJC_BRIDGING_HEADER = "Testcode/Testcode-Bridging-Header.h";
				SWIFT_OPTIMIZATION_LEVEL = "-Onone";
				SWIFT_VERSION = 5.0;
				TARGETED_DEVICE_FAMILY = "1,2";
				TEST_HOST = "$(BUILT_PRODUCTS_DIR)/ExTestableMVVM.app/ExTestableMVVM";
			};
			name = Debug;
		};
		4A73A975274FC4B70027CA71 /* Release */ = {
			isa = XCBuildConfiguration;
			buildSettings = {
				BUNDLE_LOADER = "$(TEST_HOST)";
				CLANG_ENABLE_MODULES = YES;
				CODE_SIGN_STYLE = Automatic;
				CURRENT_PROJECT_VERSION = 1;
				DEVELOPMENT_TEAM = SS7U83UJNK;
				GENERATE_INFOPLIST_FILE = YES;
				LD_RUNPATH_SEARCH_PATHS = (
					"$(inherited)",
					"@executable_path/Frameworks",
					"@loader_path/Frameworks",
				);
				MARKETING_VERSION = 1.0;
				PRODUCT_BUNDLE_IDENTIFIER = com.jake.Testcode;
				PRODUCT_NAME = "$(TARGET_NAME)";
				SWIFT_EMIT_LOC_STRINGS = NO;
				SWIFT_OBJC_BRIDGING_HEADER = "Testcode/Testcode-Bridging-Header.h";
				SWIFT_VERSION = 5.0;
				TARGETED_DEVICE_FAMILY = "1,2";
				TEST_HOST = "$(BUILT_PRODUCTS_DIR)/ExTestableMVVM.app/ExTestableMVVM";
			};
			name = Release;
		};
/* End XCBuildConfiguration section */

/* Begin XCConfigurationList section */
		4A73A8FE274FB8E20027CA71 /* Build configuration list for PBXProject "ExTestableMVVM" */ = {
			isa = XCConfigurationList;
			buildConfigurations = (
				4A73A92B274FB8E30027CA71 /* Debug */,
				4A73A92C274FB8E30027CA71 /* Release */,
			);
			defaultConfigurationIsVisible = 0;
			defaultConfigurationName = Release;
		};
		4A73A92D274FB8E30027CA71 /* Build configuration list for PBXNativeTarget "ExTestableMVVM" */ = {
			isa = XCConfigurationList;
			buildConfigurations = (
				4A73A92E274FB8E30027CA71 /* Debug */,
				4A73A92F274FB8E30027CA71 /* Release */,
			);
			defaultConfigurationIsVisible = 0;
			defaultConfigurationName = Release;
		};
		4A73A930274FB8E30027CA71 /* Build configuration list for PBXNativeTarget "ExTestableMVVMTests" */ = {
			isa = XCConfigurationList;
			buildConfigurations = (
				4A73A931274FB8E30027CA71 /* Debug */,
				4A73A932274FB8E30027CA71 /* Release */,
			);
			defaultConfigurationIsVisible = 0;
			defaultConfigurationName = Release;
		};
		4A73A933274FB8E30027CA71 /* Build configuration list for PBXNativeTarget "ExTestableMVVMUITests" */ = {
			isa = XCConfigurationList;
			buildConfigurations = (
				4A73A934274FB8E30027CA71 /* Debug */,
				4A73A935274FB8E30027CA71 /* Release */,
			);
			defaultConfigurationIsVisible = 0;
			defaultConfigurationName = Release;
		};
		4A73A976274FC4B70027CA71 /* Build configuration list for PBXNativeTarget "Testcode" */ = {
			isa = XCConfigurationList;
			buildConfigurations = (
				4A73A974274FC4B70027CA71 /* Debug */,
				4A73A975274FC4B70027CA71 /* Release */,
			);
			defaultConfigurationIsVisible = 0;
			defaultConfigurationName = Release;
		};
/* End XCConfigurationList section */

/* Begin XCRemoteSwiftPackageReference section */
		4A73A963274FBCAD0027CA71 /* XCRemoteSwiftPackageReference "RxSwift" */ = {
			isa = XCRemoteSwiftPackageReference;
			repositoryURL = "https://github.com/ReactiveX/RxSwift.git";
			requirement = {
				branch = main;
				kind = branch;
			};
		};
/* End XCRemoteSwiftPackageReference section */

/* Begin XCSwiftPackageProductDependency section */
		4A73A964274FBCAD0027CA71 /* RxCocoa */ = {
			isa = XCSwiftPackageProductDependency;
			package = 4A73A963274FBCAD0027CA71 /* XCRemoteSwiftPackageReference "RxSwift" */;
			productName = RxCocoa;
		};
		4A73A966274FBCAD0027CA71 /* RxSwift */ = {
			isa = XCSwiftPackageProductDependency;
			package = 4A73A963274FBCAD0027CA71 /* XCRemoteSwiftPackageReference "RxSwift" */;
			productName = RxSwift;
		};
/* End XCSwiftPackageProductDependency section */
	};
	rootObject = 4A73A8FB274FB8E20027CA71 /* Project object */;
}
